
Microsoft Visual Studio Solution File, Format Version 12.00
# Visual Studio Version 17
VisualStudioVersion = 17.4.33103.184
MinimumVisualStudioVersion = 10.0.40219.1
Project("{9A19103F-16F7-4668-BE54-9A1E7A4F7556}") = "BookShoppingCartMvcUI", "BookShopCartMvcUi\BookShoppingCartMvcUI.csproj", "{59F1DD0F-6737-40E2-8A99-01D82AE33E6E}"
EndProject
Global
	GlobalSection(SolutionConfigurationPlatforms) = preSolution
		Debug|Any CPU = Debug|Any CPU
		Release|Any CPU = Release|Any CPU
	EndGlobalSection
	GlobalSection(ProjectConfigurationPlatforms) = postSolution
		{59F1DD0F-6737-40E2-8A99-01D82AE33E6E}.Debug|Any CPU.ActiveCfg = Debug|Any CPU
		{59F1DD0F-6737-40E2-8A99-01D82AE33E6E}.Debug|Any CPU.Build.0 = Debug|Any CPU
		{59F1DD0F-6737-40E2-8A99-01D82AE33E6E}.Release|Any CPU.ActiveCfg = Release|Any CPU
		{59F1DD0F-6737-40E2-8A99-01D82AE33E6E}.Release|Any CPU.Build.0 = Release|Any CPU
	EndGlobalSection
	GlobalSection(SolutionProperties) = preSolution
		HideSolutionNode = FALSE
	EndGlobalSection
	GlobalSection(ExtensibilityGlobals) = postSolution
		SolutionGuid = {548B08E7-3748-4300-9905-2868C3975250}
	EndGlobalSection
EndGlobal
